
Microsoft Visual Studio Solution File, Format Version 12.00
# Visual Studio 15
VisualStudioVersion = 15.0.28307.421
MinimumVisualStudioVersion = 10.0.40219.1
Project("{FAE04EC0-301F-11D3-BF4B-00C04F79EFBC}") = "MarkRyderAssignment1", "MarkRyderAssignment1\MarkRyderAssignment1.csproj", "{F451F266-24E9-42C0-A6DA-47AEB4DD58AA}"
EndProject
Global
	GlobalSection(SolutionConfigurationPlatforms) = preSolution
		Debug|Any CPU = Debug|Any CPU
		Release|Any CPU = Release|Any CPU
	EndGlobalSection
	GlobalSection(ProjectConfigurationPlatforms) = postSolution
		{F451F266-24E9-42C0-A6DA-47AEB4DD58AA}.Debug|Any CPU.ActiveCfg = Debug|Any CPU
		{F451F266-24E9-42C0-A6DA-47AEB4DD58AA}.Debug|Any CPU.Build.0 = Debug|Any CPU
		{F451F266-24E9-42C0-A6DA-47AEB4DD58AA}.Release|Any CPU.ActiveCfg = Release|Any CPU
		{F451F266-24E9-42C0-A6DA-47AEB4DD58AA}.Release|Any CPU.Build.0 = Release|Any CPU
	EndGlobalSection
	GlobalSection(SolutionProperties) = preSolution
		HideSolutionNode = FALSE
	EndGlobalSection
	GlobalSection(ExtensibilityGlobals) = postSolution
		SolutionGuid = {5D2A467E-AFC2-4DC6-A26A-D55B2D6CFF0A}
	EndGlobalSection
EndGlobal
